// !$*UTF8*$!
{
	archiveVersion = 1;
	classes = {
	};
	objectVersion = 46;
	objects = {

/* Begin PBXBuildFile section */
		968019571AEAA0EB00291135 /* main.m in Sources */ = {isa = PBXBuildFile; fileRef = 968019561AEAA0EB00291135 /* main.m */; };
		9680195A1AEAA0EB00291135 /* AppDelegate.m in Sources */ = {isa = PBXBuildFile; fileRef = 968019591AEAA0EB00291135 /* AppDelegate.m */; };
		9680195D1AEAA0EB00291135 /* ViewController.m in Sources */ = {isa = PBXBuildFile; fileRef = 9680195C1AEAA0EB00291135 /* ViewController.m */; };
		968019601AEAA0EB00291135 /* Main.storyboard in Resources */ = {isa = PBXBuildFile; fileRef = 9680195E1AEAA0EB00291135 /* Main.storyboard */; };
		968019621AEAA0EB00291135 /* Images.xcassets in Resources */ = {isa = PBXBuildFile; fileRef = 968019611AEAA0EB00291135 /* Images.xcassets */; };
		968019651AEAA0EB00291135 /* LaunchScreen.xib in Resources */ = {isa = PBXBuildFile; fileRef = 968019631AEAA0EB00291135 /* LaunchScreen.xib */; };
		968019711AEAA0EB00291135 /* BirdAppTests.m in Sources */ = {isa = PBXBuildFile; fileRef = 968019701AEAA0EB00291135 /* BirdAppTests.m */; };
		9680197D1AEAA13C00291135 /* Bird.m in Sources */ = {isa = PBXBuildFile; fileRef = 9680197C1AEAA13C00291135 /* Bird.m */; };
		968019811AEAA1F100291135 /* BirdTableViewController.m in Sources */ = {isa = PBXBuildFile; fileRef = 968019801AEAA1F100291135 /* BirdTableViewController.m */; };
		968019841AEAA26300291135 /* BirdTableViewCell.m in Sources */ = {isa = PBXBuildFile; fileRef = 968019831AEAA26300291135 /* BirdTableViewCell.m */; };
/* End PBXBuildFile section */

/* Begin PBXContainerItemProxy section */
		9680196B1AEAA0EB00291135 /* PBXContainerItemProxy */ = {
			isa = PBXContainerItemProxy;
			containerPortal = 968019491AEAA0EB00291135 /* Project object */;
			proxyType = 1;
			remoteGlobalIDString = 968019501AEAA0EB00291135;
			remoteInfo = BirdApp;
		};
/* End PBXContainerItemProxy section */

/* Begin PBXFileReference section */
		968019511AEAA0EB00291135 /* BirdApp.app */ = {isa = PBXFileReference; explicitFileType = wrapper.application; includeInIndex = 0; path = BirdApp.app; sourceTree = BUILT_PRODUCTS_DIR; };
		968019551AEAA0EB00291135 /* Info.plist */ = {isa = PBXFileReference; lastKnownFileType = text.plist.xml; path = Info.plist; sourceTree = "<group>"; };
		968019561AEAA0EB00291135 /* main.m */ = {isa = PBXFileReference; lastKnownFileType = sourcecode.c.objc; path = main.m; sourceTree = "<group>"; };
		968019581AEAA0EB00291135 /* AppDelegate.h */ = {isa = PBXFileReference; lastKnownFileType = sourcecode.c.h; path = AppDelegate.h; sourceTree = "<group>"; };
		968019591AEAA0EB00291135 /* AppDelegate.m */ = {isa = PBXFileReference; lastKnownFileType = sourcecode.c.objc; path = AppDelegate.m; sourceTree = "<group>"; };
		9680195B1AEAA0EB00291135 /* ViewController.h */ = {isa = PBXFileReference; lastKnownFileType = sourcecode.c.h; name = ViewController.h; path = BirdApp/ViewController.h; sourceTree = "<group>"; };
		9680195C1AEAA0EB00291135 /* ViewController.m */ = {isa = PBXFileReference; lastKnownFileType = sourcecode.c.objc; name = ViewController.m; path = BirdApp/ViewController.m; sourceTree = "<group>"; };
		9680195F1AEAA0EB00291135 /* Base */ = {isa = PBXFileReference; lastKnownFileType = file.storyboard; name = Base; path = Base.lproj/Main.storyboard; sourceTree = "<group>"; };
		968019611AEAA0EB00291135 /* Images.xcassets */ = {isa = PBXFileReference; lastKnownFileType = folder.assetcatalog; path = Images.xcassets; sourceTree = "<group>"; };
		968019641AEAA0EB00291135 /* Base */ = {isa = PBXFileReference; lastKnownFileType = file.xib; name = Base; path = Base.lproj/LaunchScreen.xib; sourceTree = "<group>"; };
		9680196A1AEAA0EB00291135 /* BirdAppTests.xctest */ = {isa = PBXFileReference; explicitFileType = wrapper.cfbundle; includeInIndex = 0; path = BirdAppTests.xctest; sourceTree = BUILT_PRODUCTS_DIR; };
		9680196F1AEAA0EB00291135 /* Info.plist */ = {isa = PBXFileReference; lastKnownFileType = text.plist.xml; path = Info.plist; sourceTree = "<group>"; };
		968019701AEAA0EB00291135 /* BirdAppTests.m */ = {isa = PBXFileReference; lastKnownFileType = sourcecode.c.objc; path = BirdAppTests.m; sourceTree = "<group>"; };
		9680197B1AEAA13C00291135 /* Bird.h */ = {isa = PBXFileReference; fileEncoding = 4; lastKnownFileType = sourcecode.c.h; path = Bird.h; sourceTree = "<group>"; };
		9680197C1AEAA13C00291135 /* Bird.m */ = {isa = PBXFileReference; fileEncoding = 4; lastKnownFileType = sourcecode.c.objc; path = Bird.m; sourceTree = "<group>"; };
		9680197F1AEAA1F100291135 /* BirdTableViewController.h */ = {isa = PBXFileReference; fileEncoding = 4; lastKnownFileType = sourcecode.c.h; path = BirdTableViewController.h; sourceTree = "<group>"; };
		968019801AEAA1F100291135 /* BirdTableViewController.m */ = {isa = PBXFileReference; fileEncoding = 4; lastKnownFileType = sourcecode.c.objc; path = BirdTableViewController.m; sourceTree = "<group>"; };
		968019821AEAA26300291135 /* BirdTableViewCell.h */ = {isa = PBXFileReference; fileEncoding = 4; lastKnownFileType = sourcecode.c.h; path = BirdTableViewCell.h; sourceTree = "<group>"; };
		968019831AEAA26300291135 /* BirdTableViewCell.m */ = {isa = PBXFileReference; fileEncoding = 4; lastKnownFileType = sourcecode.c.objc; path = BirdTableViewCell.m; sourceTree = "<group>"; };
/* End PBXFileReference section */

/* Begin PBXFrameworksBuildPhase section */
		9680194E1AEAA0EB00291135 /* Frameworks */ = {
			isa = PBXFrameworksBuildPhase;
			buildActionMask = 2147483647;
			files = (
			);
			runOnlyForDeploymentPostprocessing = 0;
		};
		968019671AEAA0EB00291135 /* Frameworks */ = {
			isa = PBXFrameworksBuildPhase;
			buildActionMask = 2147483647;
			files = (
			);
			runOnlyForDeploymentPostprocessing = 0;
		};
/* End PBXFrameworksBuildPhase section */

/* Begin PBXGroup section */
		968019481AEAA0EB00291135 = {
			isa = PBXGroup;
			children = (
				9680197A1AEAA0FE00291135 /* Model */,
				9680197E1AEAA18100291135 /* Controller */,
				968019531AEAA0EB00291135 /* BirdApp */,
				9680196D1AEAA0EB00291135 /* BirdAppTests */,
				968019521AEAA0EB00291135 /* Products */,
			);
			sourceTree = "<group>";
		};
		968019521AEAA0EB00291135 /* Products */ = {
			isa = PBXGroup;
			children = (
				968019511AEAA0EB00291135 /* BirdApp.app */,
				9680196A1AEAA0EB00291135 /* BirdAppTests.xctest */,
			);
			name = Products;
			sourceTree = "<group>";
		};
		968019531AEAA0EB00291135 /* BirdApp */ = {
			isa = PBXGroup;
			children = (
				968019581AEAA0EB00291135 /* AppDelegate.h */,
				968019591AEAA0EB00291135 /* AppDelegate.m */,
				9680195E1AEAA0EB00291135 /* Main.storyboard */,
				968019611AEAA0EB00291135 /* Images.xcassets */,
				968019631AEAA0EB00291135 /* LaunchScreen.xib */,
				968019541AEAA0EB00291135 /* Supporting Files */,
			);
			path = BirdApp;
			sourceTree = "<group>";
		};
		968019541AEAA0EB00291135 /* Supporting Files */ = {
			isa = PBXGroup;
			children = (
				968019551AEAA0EB00291135 /* Info.plist */,
				968019561AEAA0EB00291135 /* main.m */,
			);
			name = "Supporting Files";
			sourceTree = "<group>";
		};
		9680196D1AEAA0EB00291135 /* BirdAppTests */ = {
			isa = PBXGroup;
			children = (
				968019701AEAA0EB00291135 /* BirdAppTests.m */,
				9680196E1AEAA0EB00291135 /* Supporting Files */,
			);
			path = BirdAppTests;
			sourceTree = "<group>";
		};
		9680196E1AEAA0EB00291135 /* Supporting Files */ = {
			isa = PBXGroup;
			children = (
				9680196F1AEAA0EB00291135 /* Info.plist */,
			);
			name = "Supporting Files";
			sourceTree = "<group>";
		};
		9680197A1AEAA0FE00291135 /* Model */ = {
			isa = PBXGroup;
			children = (
				9680197B1AEAA13C00291135 /* Bird.h */,
				9680197C1AEAA13C00291135 /* Bird.m */,
				9680195B1AEAA0EB00291135 /* ViewController.h */,
				9680195C1AEAA0EB00291135 /* ViewController.m */,
			);
			name = Model;
			sourceTree = "<group>";
		};
		9680197E1AEAA18100291135 /* Controller */ = {
			isa = PBXGroup;
			children = (
				9680197F1AEAA1F100291135 /* BirdTableViewController.h */,
				968019801AEAA1F100291135 /* BirdTableViewController.m */,
				968019821AEAA26300291135 /* BirdTableViewCell.h */,
				968019831AEAA26300291135 /* BirdTableViewCell.m */,
			);
			name = Controller;
			sourceTree = "<group>";
		};
/* End PBXGroup section */

/* Begin PBXNativeTarget section */
		968019501AEAA0EB00291135 /* BirdApp */ = {
			isa = PBXNativeTarget;
			buildConfigurationList = 968019741AEAA0EB00291135 /* Build configuration list for PBXNativeTarget "BirdApp" */;
			buildPhases = (
				9680194D1AEAA0EB00291135 /* Sources */,
				9680194E1AEAA0EB00291135 /* Frameworks */,
				9680194F1AEAA0EB00291135 /* Resources */,
			);
			buildRules = (
			);
			dependencies = (
			);
			name = BirdApp;
			productName = BirdApp;
			productReference = 968019511AEAA0EB00291135 /* BirdApp.app */;
			productType = "com.apple.product-type.application";
		};
		968019691AEAA0EB00291135 /* BirdAppTests */ = {
			isa = PBXNativeTarget;
			buildConfigurationList = 968019771AEAA0EB00291135 /* Build configuration list for PBXNativeTarget "BirdAppTests" */;
			buildPhases = (
				968019661AEAA0EB00291135 /* Sources */,
				968019671AEAA0EB00291135 /* Frameworks */,
				968019681AEAA0EB00291135 /* Resources */,
			);
			buildRules = (
			);
			dependencies = (
				9680196C1AEAA0EB00291135 /* PBXTargetDependency */,
			);
			name = BirdAppTests;
			productName = BirdAppTests;
			productReference = 9680196A1AEAA0EB00291135 /* BirdAppTests.xctest */;
			productType = "com.apple.product-type.bundle.unit-test";
		};
/* End PBXNativeTarget section */

/* Begin PBXProject section */
		968019491AEAA0EB00291135 /* Project object */ = {
			isa = PBXProject;
			attributes = {
				LastUpgradeCheck = 0630;
				ORGANIZATIONNAME = "Bianca Binstock";
				TargetAttributes = {
					968019501AEAA0EB00291135 = {
						CreatedOnToolsVersion = 6.3;
					};
					968019691AEAA0EB00291135 = {
						CreatedOnToolsVersion = 6.3;
						TestTargetID = 968019501AEAA0EB00291135;
					};
				};
			};
			buildConfigurationList = 9680194C1AEAA0EB00291135 /* Build configuration list for PBXProject "BirdApp" */;
			compatibilityVersion = "Xcode 3.2";
			developmentRegion = English;
			hasScannedForEncodings = 0;
			knownRegions = (
				en,
				Base,
			);
			mainGroup = 968019481AEAA0EB00291135;
			productRefGroup = 968019521AEAA0EB00291135 /* Products */;
			projectDirPath = "";
			projectRoot = "";
			targets = (
				968019501AEAA0EB00291135 /* BirdApp */,
				968019691AEAA0EB00291135 /* BirdAppTests */,
			);
		};
/* End PBXProject section */

/* Begin PBXResourcesBuildPhase section */
		9680194F1AEAA0EB00291135 /* Resources */ = {
			isa = PBXResourcesBuildPhase;
			buildActionMask = 2147483647;
			files = (
				968019601AEAA0EB00291135 /* Main.storyboard in Resources */,
				968019651AEAA0EB00291135 /* LaunchScreen.xib in Resources */,
				968019621AEAA0EB00291135 /* Images.xcassets in Resources */,
			);
			runOnlyForDeploymentPostprocessing = 0;
		};
		968019681AEAA0EB00291135 /* Resources */ = {
			isa = PBXResourcesBuildPhase;
			buildActionMask = 2147483647;
			files = (
			);
			runOnlyForDeploymentPostprocessing = 0;
		};
/* End PBXResourcesBuildPhase section */

/* Begin PBXSourcesBuildPhase section */
		9680194D1AEAA0EB00291135 /* Sources */ = {
			isa = PBXSourcesBuildPhase;
			buildActionMask = 2147483647;
			files = (
				968019811AEAA1F100291135 /* BirdTableViewController.m in Sources */,
				9680195D1AEAA0EB00291135 /* ViewController.m in Sources */,
				968019841AEAA26300291135 /* BirdTableViewCell.m in Sources */,
				9680195A1AEAA0EB00291135 /* AppDelegate.m in Sources */,
				9680197D1AEAA13C00291135 /* Bird.m in Sources */,
				968019571AEAA0EB00291135 /* main.m in Sources */,
			);
			runOnlyForDeploymentPostprocessing = 0;
		};
		968019661AEAA0EB00291135 /* Sources */ = {
			isa = PBXSourcesBuildPhase;
			buildActionMask = 2147483647;
			files = (
				968019711AEAA0EB00291135 /* BirdAppTests.m in Sources */,
			);
			runOnlyForDeploymentPostprocessing = 0;
		};
/* End PBXSourcesBuildPhase section */

/* Begin PBXTargetDependency section */
		9680196C1AEAA0EB00291135 /* PBXTargetDependency */ = {
			isa = PBXTargetDependency;
			target = 968019501AEAA0EB00291135 /* BirdApp */;
			targetProxy = 9680196B1AEAA0EB00291135 /* PBXContainerItemProxy */;
		};
/* End PBXTargetDependency section */

/* Begin PBXVariantGroup section */
		9680195E1AEAA0EB00291135 /* Main.storyboard */ = {
			isa = PBXVariantGroup;
			children = (
				9680195F1AEAA0EB00291135 /* Base */,
			);
			name = Main.storyboard;
			sourceTree = "<group>";
		};
		968019631AEAA0EB00291135 /* LaunchScreen.xib */ = {
			isa = PBXVariantGroup;
			children = (
				968019641AEAA0EB00291135 /* Base */,
			);
			name = LaunchScreen.xib;
			sourceTree = "<group>";
		};
/* End PBXVariantGroup section */

/* Begin XCBuildConfiguration section */
		968019721AEAA0EB00291135 /* Debug */ = {
			isa = XCBuildConfiguration;
			buildSettings = {
				ALWAYS_SEARCH_USER_PATHS = NO;
				CLANG_CXX_LANGUAGE_STANDARD = "gnu++0x";
				CLANG_CXX_LIBRARY = "libc++";
				CLANG_ENABLE_MODULES = YES;
				CLANG_ENABLE_OBJC_ARC = YES;
				CLANG_WARN_BOOL_CONVERSION = YES;
				CLANG_WARN_CONSTANT_CONVERSION = YES;
				CLANG_WARN_DIRECT_OBJC_ISA_USAGE = YES_ERROR;
				CLANG_WARN_EMPTY_BODY = YES;
				CLANG_WARN_ENUM_CONVERSION = YES;
				CLANG_WARN_INT_CONVERSION = YES;
				CLANG_WARN_OBJC_ROOT_CLASS = YES_ERROR;
				CLANG_WARN_UNREACHABLE_CODE = YES;
				CLANG_WARN__DUPLICATE_METHOD_MATCH = YES;
				"CODE_SIGN_IDENTITY[sdk=iphoneos*]" = "iPhone Developer";
				COPY_PHASE_STRIP = NO;
				DEBUG_INFORMATION_FORMAT = "dwarf-with-dsym";
				ENABLE_STRICT_OBJC_MSGSEND = YES;
				GCC_C_LANGUAGE_STANDARD = gnu99;
				GCC_DYNAMIC_NO_PIC = NO;
				GCC_NO_COMMON_BLOCKS = YES;
				GCC_OPTIMIZATION_LEVEL = 0;
				GCC_PREPROCESSOR_DEFINITIONS = (
					"DEBUG=1",
					"$(inherited)",
				);
				GCC_SYMBOLS_PRIVATE_EXTERN = NO;
				GCC_WARN_64_TO_32_BIT_CONVERSION = YES;
				GCC_WARN_ABOUT_RETURN_TYPE = YES_ERROR;
				GCC_WARN_UNDECLARED_SELECTOR = YES;
				GCC_WARN_UNINITIALIZED_AUTOS = YES_AGGRESSIVE;
				GCC_WARN_UNUSED_FUNCTION = YES;
				GCC_WARN_UNUSED_VARIABLE = YES;
				IPHONEOS_DEPLOYMENT_TARGET = 8.3;
				MTL_ENABLE_DEBUG_INFO = YES;
				ONLY_ACTIVE_ARCH = YES;
				SDKROOT = iphoneos;
			};
			name = Debug;
		};
		968019731AEAA0EB00291135 /* Release */ = {
			isa = XCBuildConfiguration;
			buildSettings = {
				ALWAYS_SEARCH_USER_PATHS = NO;
				CLANG_CXX_LANGUAGE_STANDARD = "gnu++0x";
				CLANG_CXX_LIBRARY = "libc++";
				CLANG_ENABLE_MODULES = YES;
				CLANG_ENABLE_OBJC_ARC = YES;
				CLANG_WARN_BOOL_CONVERSION = YES;
				CLANG_WARN_CONSTANT_CONVERSION = YES;
				CLANG_WARN_DIRECT_OBJC_ISA_USAGE = YES_ERROR;
				CLANG_WARN_EMPTY_BODY = YES;
				CLANG_WARN_ENUM_CONVERSION = YES;
				CLANG_WARN_INT_CONVERSION = YES;
				CLANG_WARN_OBJC_ROOT_CLASS = YES_ERROR;
				CLANG_WARN_UNREACHABLE_CODE = YES;
				CLANG_WARN__DUPLICATE_METHOD_MATCH = YES;
				"CODE_SIGN_IDENTITY[sdk=iphoneos*]" = "iPhone Developer";
				COPY_PHASE_STRIP = NO;
				DEBUG_INFORMATION_FORMAT = "dwarf-with-dsym";
				ENABLE_NS_ASSERTIONS = NO;
				ENABLE_STRICT_OBJC_MSGSEND = YES;
				GCC_C_LANGUAGE_STANDARD = gnu99;
				GCC_NO_COMMON_BLOCKS = YES;
				GCC_WARN_64_TO_32_BIT_CONVERSION = YES;
				GCC_WARN_ABOUT_RETURN_TYPE = YES_ERROR;
				GCC_WARN_UNDECLARED_SELECTOR = YES;
				GCC_WARN_UNINITIALIZED_AUTOS = YES_AGGRESSIVE;
				GCC_WARN_UNUSED_FUNCTION = YES;
				GCC_WARN_UNUSED_VARIABLE = YES;
				IPHONEOS_DEPLOYMENT_TARGET = 8.3;
				MTL_ENABLE_DEBUG_INFO = NO;
				SDKROOT = iphoneos;
				VALIDATE_PRODUCT = YES;
			};
			name = Release;
		};
		968019751AEAA0EB00291135 /* Debug */ = {
			isa = XCBuildConfiguration;
			buildSettings = {
				ASSETCATALOG_COMPILER_APPICON_NAME = AppIcon;
				INFOPLIST_FILE = BirdApp/Info.plist;
				LD_RUNPATH_SEARCH_PATHS = "$(inherited) @executable_path/Frameworks";
				PRODUCT_NAME = "$(TARGET_NAME)";
			};
			name = Debug;
		};
		968019761AEAA0EB00291135 /* Release */ = {
			isa = XCBuildConfiguration;
			buildSettings = {
				ASSETCATALOG_COMPILER_APPICON_NAME = AppIcon;
				INFOPLIST_FILE = BirdApp/Info.plist;
				LD_RUNPATH_SEARCH_PATHS = "$(inherited) @executable_path/Frameworks";
				PRODUCT_NAME = "$(TARGET_NAME)";
			};
			name = Release;
		};
		968019781AEAA0EB00291135 /* Debug */ = {
			isa = XCBuildConfiguration;
			buildSettings = {
				BUNDLE_LOADER = "$(TEST_HOST)";
				FRAMEWORK_SEARCH_PATHS = (
					"$(SDKROOT)/Developer/Library/Frameworks",
					"$(inherited)",
				);
				GCC_PREPROCESSOR_DEFINITIONS = (
					"DEBUG=1",
					"$(inherited)",
				);
				INFOPLIST_FILE = BirdAppTests/Info.plist;
				LD_RUNPATH_SEARCH_PATHS = "$(inherited) @executable_path/Frameworks @loader_path/Frameworks";
				PRODUCT_NAME = "$(TARGET_NAME)";
				TEST_HOST = "$(BUILT_PRODUCTS_DIR)/BirdApp.app/BirdApp";
			};
			name = Debug;
		};
		968019791AEAA0EB00291135 /* Release */ = {
			isa = XCBuildConfiguration;
			buildSettings = {
				BUNDLE_LOADER = "$(TEST_HOST)";
				FRAMEWORK_SEARCH_PATHS = (
					"$(SDKROOT)/Developer/Library/Frameworks",
					"$(inherited)",
				);
				INFOPLIST_FILE = BirdAppTests/Info.plist;
				LD_RUNPATH_SEARCH_PATHS = "$(inherited) @executable_path/Frameworks @loader_path/Frameworks";
				PRODUCT_NAME = "$(TARGET_NAME)";
				TEST_HOST = "$(BUILT_PRODUCTS_DIR)/BirdApp.app/BirdApp";
			};
			name = Release;
		};
/* End XCBuildConfiguration section */

/* Begin XCConfigurationList section */
		9680194C1AEAA0EB00291135 /* Build configuration list for PBXProject "BirdApp" */ = {
			isa = XCConfigurationList;
			buildConfigurations = (
				968019721AEAA0EB00291135 /* Debug */,
				968019731AEAA0EB00291135 /* Release */,
			);
			defaultConfigurationIsVisible = 0;
			defaultConfigurationName = Release;
		};
		968019741AEAA0EB00291135 /* Build configuration list for PBXNativeTarget "BirdApp" */ = {
			isa = XCConfigurationList;
			buildConfigurations = (
				968019751AEAA0EB00291135 /* Debug */,
				968019761AEAA0EB00291135 /* Release */,
			);
			defaultConfigurationIsVisible = 0;
		};
		968019771AEAA0EB00291135 /* Build configuration list for PBXNativeTarget "BirdAppTests" */ = {
			isa = XCConfigurationList;
			buildConfigurations = (
				968019781AEAA0EB00291135 /* Debug */,
				968019791AEAA0EB00291135 /* Release */,
			);
			defaultConfigurationIsVisible = 0;
		};
/* End XCConfigurationList section */
	};
	rootObject = 968019491AEAA0EB00291135 /* Project object */;
}
